// !$*UTF8*$!
{
	archiveVersion = 1;
	classes = {
	};
	objectVersion = 55;
	objects = {

/* Begin PBXBuildFile section */
		1F959BE92784996300B657A2 /* Tic_Tac_toeApp.swift in Sources */ = {isa = PBXBuildFile; fileRef = 1F959BE82784996300B657A2 /* Tic_Tac_toeApp.swift */; };
		1F959BEB2784996300B657A2 /* ContentView.swift in Sources */ = {isa = PBXBuildFile; fileRef = 1F959BEA2784996300B657A2 /* ContentView.swift */; };
		1F959BED2784996800B657A2 /* Assets.xcassets in Resources */ = {isa = PBXBuildFile; fileRef = 1F959BEC2784996800B657A2 /* Assets.xcassets */; };
		1F959BF02784996800B657A2 /* Preview Assets.xcassets in Resources */ = {isa = PBXBuildFile; fileRef = 1F959BEF2784996800B657A2 /* Preview Assets.xcassets */; };
		1F959BFA2784996800B657A2 /* Tic_Tac_toeTests.swift in Sources */ = {isa = PBXBuildFile; fileRef = 1F959BF92784996800B657A2 /* Tic_Tac_toeTests.swift */; };
		1F959C042784996800B657A2 /* Tic_Tac_toeUITests.swift in Sources */ = {isa = PBXBuildFile; fileRef = 1F959C032784996800B657A2 /* Tic_Tac_toeUITests.swift */; };
		1F959C062784996800B657A2 /* Tic_Tac_toeUITestsLaunchTests.swift in Sources */ = {isa = PBXBuildFile; fileRef = 1F959C052784996800B657A2 /* Tic_Tac_toeUITestsLaunchTests.swift */; };
/* End PBXBuildFile section */

/* Begin PBXContainerItemProxy section */
		1F959BF62784996800B657A2 /* PBXContainerItemProxy */ = {
			isa = PBXContainerItemProxy;
			containerPortal = 1F959BDD2784996300B657A2 /* Project object */;
			proxyType = 1;
			remoteGlobalIDString = 1F959BE42784996300B657A2;
			remoteInfo = Tic_Tac_toe;
		};
		1F959C002784996800B657A2 /* PBXContainerItemProxy */ = {
			isa = PBXContainerItemProxy;
			containerPortal = 1F959BDD2784996300B657A2 /* Project object */;
			proxyType = 1;
			remoteGlobalIDString = 1F959BE42784996300B657A2;
			remoteInfo = Tic_Tac_toe;
		};
/* End PBXContainerItemProxy section */

/* Begin PBXFileReference section */
		1F959BE52784996300B657A2 /* Tic_Tac_toe.app */ = {isa = PBXFileReference; explicitFileType = wrapper.application; includeInIndex = 0; path = Tic_Tac_toe.app; sourceTree = BUILT_PRODUCTS_DIR; };
		1F959BE82784996300B657A2 /* Tic_Tac_toeApp.swift */ = {isa = PBXFileReference; lastKnownFileType = sourcecode.swift; path = Tic_Tac_toeApp.swift; sourceTree = "<group>"; };
		1F959BEA2784996300B657A2 /* ContentView.swift */ = {isa = PBXFileReference; lastKnownFileType = sourcecode.swift; path = ContentView.swift; sourceTree = "<group>"; };
		1F959BEC2784996800B657A2 /* Assets.xcassets */ = {isa = PBXFileReference; lastKnownFileType = folder.assetcatalog; path = Assets.xcassets; sourceTree = "<group>"; };
		1F959BEF2784996800B657A2 /* Preview Assets.xcassets */ = {isa = PBXFileReference; lastKnownFileType = folder.assetcatalog; path = "Preview Assets.xcassets"; sourceTree = "<group>"; };
		1F959BF52784996800B657A2 /* Tic_Tac_toeTests.xctest */ = {isa = PBXFileReference; explicitFileType = wrapper.cfbundle; includeInIndex = 0; path = Tic_Tac_toeTests.xctest; sourceTree = BUILT_PRODUCTS_DIR; };
		1F959BF92784996800B657A2 /* Tic_Tac_toeTests.swift */ = {isa = PBXFileReference; lastKnownFileType = sourcecode.swift; path = Tic_Tac_toeTests.swift; sourceTree = "<group>"; };
		1F959BFF2784996800B657A2 /* Tic_Tac_toeUITests.xctest */ = {isa = PBXFileReference; explicitFileType = wrapper.cfbundle; includeInIndex = 0; path = Tic_Tac_toeUITests.xctest; sourceTree = BUILT_PRODUCTS_DIR; };
		1F959C032784996800B657A2 /* Tic_Tac_toeUITests.swift */ = {isa = PBXFileReference; lastKnownFileType = sourcecode.swift; path = Tic_Tac_toeUITests.swift; sourceTree = "<group>"; };
		1F959C052784996800B657A2 /* Tic_Tac_toeUITestsLaunchTests.swift */ = {isa = PBXFileReference; lastKnownFileType = sourcecode.swift; path = Tic_Tac_toeUITestsLaunchTests.swift; sourceTree = "<group>"; };
/* End PBXFileReference section */

/* Begin PBXFrameworksBuildPhase section */
		1F959BE22784996300B657A2 /* Frameworks */ = {
			isa = PBXFrameworksBuildPhase;
			buildActionMask = 2147483647;
			files = (
			);
			runOnlyForDeploymentPostprocessing = 0;
		};
		1F959BF22784996800B657A2 /* Frameworks */ = {
			isa = PBXFrameworksBuildPhase;
			buildActionMask = 2147483647;
			files = (
			);
			runOnlyForDeploymentPostprocessing = 0;
		};
		1F959BFC2784996800B657A2 /* Frameworks */ = {
			isa = PBXFrameworksBuildPhase;
			buildActionMask = 2147483647;
			files = (
			);
			runOnlyForDeploymentPostprocessing = 0;
		};
/* End PBXFrameworksBuildPhase section */

/* Begin PBXGroup section */
		1F959BDC2784996300B657A2 = {
			isa = PBXGroup;
			children = (
				1F959BE72784996300B657A2 /* Tic_Tac_toe */,
				1F959BF82784996800B657A2 /* Tic_Tac_toeTests */,
				1F959C022784996800B657A2 /* Tic_Tac_toeUITests */,
				1F959BE62784996300B657A2 /* Products */,
			);
			sourceTree = "<group>";
		};
		1F959BE62784996300B657A2 /* Products */ = {
			isa = PBXGroup;
			children = (
				1F959BE52784996300B657A2 /* Tic_Tac_toe.app */,
				1F959BF52784996800B657A2 /* Tic_Tac_toeTests.xctest */,
				1F959BFF2784996800B657A2 /* Tic_Tac_toeUITests.xctest */,
			);
			name = Products;
			sourceTree = "<group>";
		};
		1F959BE72784996300B657A2 /* Tic_Tac_toe */ = {
			isa = PBXGroup;
			children = (
				1F959BE82784996300B657A2 /* Tic_Tac_toeApp.swift */,
				1F959BEA2784996300B657A2 /* ContentView.swift */,
				1F959BEC2784996800B657A2 /* Assets.xcassets */,
				1F959BEE2784996800B657A2 /* Preview Content */,
			);
			path = Tic_Tac_toe;
			sourceTree = "<group>";
		};
		1F959BEE2784996800B657A2 /* Preview Content */ = {
			isa = PBXGroup;
			children = (
				1F959BEF2784996800B657A2 /* Preview Assets.xcassets */,
			);
			path = "Preview Content";
			sourceTree = "<group>";
		};
		1F959BF82784996800B657A2 /* Tic_Tac_toeTests */ = {
			isa = PBXGroup;
			children = (
				1F959BF92784996800B657A2 /* Tic_Tac_toeTests.swift */,
			);
			path = Tic_Tac_toeTests;
			sourceTree = "<group>";
		};
		1F959C022784996800B657A2 /* Tic_Tac_toeUITests */ = {
			isa = PBXGroup;
			children = (
				1F959C032784996800B657A2 /* Tic_Tac_toeUITests.swift */,
				1F959C052784996800B657A2 /* Tic_Tac_toeUITestsLaunchTests.swift */,
			);
			path = Tic_Tac_toeUITests;
			sourceTree = "<group>";
		};
/* End PBXGroup section */

/* Begin PBXNativeTarget section */
		1F959BE42784996300B657A2 /* Tic_Tac_toe */ = {
			isa = PBXNativeTarget;
			buildConfigurationList = 1F959C092784996800B657A2 /* Build configuration list for PBXNativeTarget "Tic_Tac_toe" */;
			buildPhases = (
				1F959BE12784996300B657A2 /* Sources */,
				1F959BE22784996300B657A2 /* Frameworks */,
				1F959BE32784996300B657A2 /* Resources */,
			);
			buildRules = (
			);
			dependencies = (
			);
			name = Tic_Tac_toe;
			productName = Tic_Tac_toe;
			productReference = 1F959BE52784996300B657A2 /* Tic_Tac_toe.app */;
			productType = "com.apple.product-type.application";
		};
		1F959BF42784996800B657A2 /* Tic_Tac_toeTests */ = {
			isa = PBXNativeTarget;
			buildConfigurationList = 1F959C0C2784996800B657A2 /* Build configuration list for PBXNativeTarget "Tic_Tac_toeTests" */;
			buildPhases = (
				1F959BF12784996800B657A2 /* Sources */,
				1F959BF22784996800B657A2 /* Frameworks */,
				1F959BF32784996800B657A2 /* Resources */,
			);
			buildRules = (
			);
			dependencies = (
				1F959BF72784996800B657A2 /* PBXTargetDependency */,
			);
			name = Tic_Tac_toeTests;
			productName = Tic_Tac_toeTests;
			productReference = 1F959BF52784996800B657A2 /* Tic_Tac_toeTests.xctest */;
			productType = "com.apple.product-type.bundle.unit-test";
		};
		1F959BFE2784996800B657A2 /* Tic_Tac_toeUITests */ = {
			isa = PBXNativeTarget;
			buildConfigurationList = 1F959C0F2784996800B657A2 /* Build configuration list for PBXNativeTarget "Tic_Tac_toeUITests" */;
			buildPhases = (
				1F959BFB2784996800B657A2 /* Sources */,
				1F959BFC2784996800B657A2 /* Frameworks */,
				1F959BFD2784996800B657A2 /* Resources */,
			);
			buildRules = (
			);
			dependencies = (
				1F959C012784996800B657A2 /* PBXTargetDependency */,
			);
			name = Tic_Tac_toeUITests;
			productName = Tic_Tac_toeUITests;
			productReference = 1F959BFF2784996800B657A2 /* Tic_Tac_toeUITests.xctest */;
			productType = "com.apple.product-type.bundle.ui-testing";
		};
/* End PBXNativeTarget section */

/* Begin PBXProject section */
		1F959BDD2784996300B657A2 /* Project object */ = {
			isa = PBXProject;
			attributes = {
				BuildIndependentTargetsInParallel = 1;
				LastSwiftUpdateCheck = 1310;
				LastUpgradeCheck = 1310;
				TargetAttributes = {
					1F959BE42784996300B657A2 = {
						CreatedOnToolsVersion = 13.1;
					};
					1F959BF42784996800B657A2 = {
						CreatedOnToolsVersion = 13.1;
						TestTargetID = 1F959BE42784996300B657A2;
					};
					1F959BFE2784996800B657A2 = {
						CreatedOnToolsVersion = 13.1;
						TestTargetID = 1F959BE42784996300B657A2;
					};
				};
			};
			buildConfigurationList = 1F959BE02784996300B657A2 /* Build configuration list for PBXProject "Tic_Tac_toe" */;
			compatibilityVersion = "Xcode 13.0";
			developmentRegion = en;
			hasScannedForEncodings = 0;
			knownRegions = (
				en,
				Base,
			);
			mainGroup = 1F959BDC2784996300B657A2;
			productRefGroup = 1F959BE62784996300B657A2 /* Products */;
			projectDirPath = "";
			projectRoot = "";
			targets = (
				1F959BE42784996300B657A2 /* Tic_Tac_toe */,
				1F959BF42784996800B657A2 /* Tic_Tac_toeTests */,
				1F959BFE2784996800B657A2 /* Tic_Tac_toeUITests */,
			);
		};
/* End PBXProject section */

/* Begin PBXResourcesBuildPhase section */
		1F959BE32784996300B657A2 /* Resources */ = {
			isa = PBXResourcesBuildPhase;
			buildActionMask = 2147483647;
			files = (
				1F959BF02784996800B657A2 /* Preview Assets.xcassets in Resources */,
				1F959BED2784996800B657A2 /* Assets.xcassets in Resources */,
			);
			runOnlyForDeploymentPostprocessing = 0;
		};
		1F959BF32784996800B657A2 /* Resources */ = {
			isa = PBXResourcesBuildPhase;
			buildActionMask = 2147483647;
			files = (
			);
			runOnlyForDeploymentPostprocessing = 0;
		};
		1F959BFD2784996800B657A2 /* Resources */ = {
			isa = PBXResourcesBuildPhase;
			buildActionMask = 2147483647;
			files = (
			);
			runOnlyForDeploymentPostprocessing = 0;
		};
/* End PBXResourcesBuildPhase section */

/* Begin PBXSourcesBuildPhase section */
		1F959BE12784996300B657A2 /* Sources */ = {
			isa = PBXSourcesBuildPhase;
			buildActionMask = 2147483647;
			files = (
				1F959BEB2784996300B657A2 /* ContentView.swift in Sources */,
				1F959BE92784996300B657A2 /* Tic_Tac_toeApp.swift in Sources */,
			);
			runOnlyForDeploymentPostprocessing = 0;
		};
		1F959BF12784996800B657A2 /* Sources */ = {
			isa = PBXSourcesBuildPhase;
			buildActionMask = 2147483647;
			files = (
				1F959BFA2784996800B657A2 /* Tic_Tac_toeTests.swift in Sources */,
			);
			runOnlyForDeploymentPostprocessing = 0;
		};
		1F959BFB2784996800B657A2 /* Sources */ = {
			isa = PBXSourcesBuildPhase;
			buildActionMask = 2147483647;
			files = (
				1F959C042784996800B657A2 /* Tic_Tac_toeUITests.swift in Sources */,
				1F959C062784996800B657A2 /* Tic_Tac_toeUITestsLaunchTests.swift in Sources */,
			);
			runOnlyForDeploymentPostprocessing = 0;
		};
/* End PBXSourcesBuildPhase section */

/* Begin PBXTargetDependency section */
		1F959BF72784996800B657A2 /* PBXTargetDependency */ = {
			isa = PBXTargetDependency;
			target = 1F959BE42784996300B657A2 /* Tic_Tac_toe */;
			targetProxy = 1F959BF62784996800B657A2 /* PBXContainerItemProxy */;
		};
		1F959C012784996800B657A2 /* PBXTargetDependency */ = {
			isa = PBXTargetDependency;
			target = 1F959BE42784996300B657A2 /* Tic_Tac_toe */;
			targetProxy = 1F959C002784996800B657A2 /* PBXContainerItemProxy */;
		};
/* End PBXTargetDependency section */

/* Begin XCBuildConfiguration section */
		1F959C072784996800B657A2 /* Debug */ = {
			isa = XCBuildConfiguration;
			buildSettings = {
				ALWAYS_SEARCH_USER_PATHS = NO;
				CLANG_ANALYZER_NONNULL = YES;
				CLANG_ANALYZER_NUMBER_OBJECT_CONVERSION = YES_AGGRESSIVE;
				CLANG_CXX_LANGUAGE_STANDARD = "gnu++17";
				CLANG_CXX_LIBRARY = "libc++";
				CLANG_ENABLE_MODULES = YES;
				CLANG_ENABLE_OBJC_ARC = YES;
				CLANG_ENABLE_OBJC_WEAK = YES;
				CLANG_WARN_BLOCK_CAPTURE_AUTORELEASING = YES;
				CLANG_WARN_BOOL_CONVERSION = YES;
				CLANG_WARN_COMMA = YES;
				CLANG_WARN_CONSTANT_CONVERSION = YES;
				CLANG_WARN_DEPRECATED_OBJC_IMPLEMENTATIONS = YES;
				CLANG_WARN_DIRECT_OBJC_ISA_USAGE = YES_ERROR;
				CLANG_WARN_DOCUMENTATION_COMMENTS = YES;
				CLANG_WARN_EMPTY_BODY = YES;
				CLANG_WARN_ENUM_CONVERSION = YES;
				CLANG_WARN_INFINITE_RECURSION = YES;
				CLANG_WARN_INT_CONVERSION = YES;
				CLANG_WARN_NON_LITERAL_NULL_CONVERSION = YES;
				CLANG_WARN_OBJC_IMPLICIT_RETAIN_SELF = YES;
				CLANG_WARN_OBJC_LITERAL_CONVERSION = YES;
				CLANG_WARN_OBJC_ROOT_CLASS = YES_ERROR;
				CLANG_WARN_QUOTED_INCLUDE_IN_FRAMEWORK_HEADER = YES;
				CLANG_WARN_RANGE_LOOP_ANALYSIS = YES;
				CLANG_WARN_STRICT_PROTOTYPES = YES;
				CLANG_WARN_SUSPICIOUS_MOVE = YES;
				CLANG_WARN_UNGUARDED_AVAILABILITY = YES_AGGRESSIVE;
				CLANG_WARN_UNREACHABLE_CODE = YES;
				CLANG_WARN__DUPLICATE_METHOD_MATCH = YES;
				COPY_PHASE_STRIP = NO;
				DEBUG_INFORMATION_FORMAT = dwarf;
				ENABLE_STRICT_OBJC_MSGSEND = YES;
				ENABLE_TESTABILITY = YES;
				GCC_C_LANGUAGE_STANDARD = gnu11;
				GCC_DYNAMIC_NO_PIC = NO;
				GCC_NO_COMMON_BLOCKS = YES;
				GCC_OPTIMIZATION_LEVEL = 0;
				GCC_PREPROCESSOR_DEFINITIONS = (
					"DEBUG=1",
					"$(inherited)",
				);
				GCC_WARN_64_TO_32_BIT_CONVERSION = YES;
				GCC_WARN_ABOUT_RETURN_TYPE = YES_ERROR;
				GCC_WARN_UNDECLARED_SELECTOR = YES;
				GCC_WARN_UNINITIALIZED_AUTOS = YES_AGGRESSIVE;
				GCC_WARN_UNUSED_FUNCTION = YES;
				GCC_WARN_UNUSED_VARIABLE = YES;
				IPHONEOS_DEPLOYMENT_TARGET = 15.0;
				MTL_ENABLE_DEBUG_INFO = INCLUDE_SOURCE;
				MTL_FAST_MATH = YES;
				ONLY_ACTIVE_ARCH = YES;
				SDKROOT = iphoneos;
				SWIFT_ACTIVE_COMPILATION_CONDITIONS = DEBUG;
				SWIFT_OPTIMIZATION_LEVEL = "-Onone";
			};
			name = Debug;
		};
		1F959C082784996800B657A2 /* Release */ = {
			isa = XCBuildConfiguration;
			buildSettings = {
				ALWAYS_SEARCH_USER_PATHS = NO;
				CLANG_ANALYZER_NONNULL = YES;
				CLANG_ANALYZER_NUMBER_OBJECT_CONVERSION = YES_AGGRESSIVE;
				CLANG_CXX_LANGUAGE_STANDARD = "gnu++17";
				CLANG_CXX_LIBRARY = "libc++";
				CLANG_ENABLE_MODULES = YES;
				CLANG_ENABLE_OBJC_ARC = YES;
				CLANG_ENABLE_OBJC_WEAK = YES;
				CLANG_WARN_BLOCK_CAPTURE_AUTORELEASING = YES;
				CLANG_WARN_BOOL_CONVERSION = YES;
				CLANG_WARN_COMMA = YES;
				CLANG_WARN_CONSTANT_CONVERSION = YES;
				CLANG_WARN_DEPRECATED_OBJC_IMPLEMENTATIONS = YES;
				CLANG_WARN_DIRECT_OBJC_ISA_USAGE = YES_ERROR;
				CLANG_WARN_DOCUMENTATION_COMMENTS = YES;
				CLANG_WARN_EMPTY_BODY = YES;
				CLANG_WARN_ENUM_CONVERSION = YES;
				CLANG_WARN_INFINITE_RECURSION = YES;
				CLANG_WARN_INT_CONVERSION = YES;
				CLANG_WARN_NON_LITERAL_NULL_CONVERSION = YES;
				CLANG_WARN_OBJC_IMPLICIT_RETAIN_SELF = YES;
				CLANG_WARN_OBJC_LITERAL_CONVERSION = YES;
				CLANG_WARN_OBJC_ROOT_CLASS = YES_ERROR;
				CLANG_WARN_QUOTED_INCLUDE_IN_FRAMEWORK_HEADER = YES;
				CLANG_WARN_RANGE_LOOP_ANALYSIS = YES;
				CLANG_WARN_STRICT_PROTOTYPES = YES;
				CLANG_WARN_SUSPICIOUS_MOVE = YES;
				CLANG_WARN_UNGUARDED_AVAILABILITY = YES_AGGRESSIVE;
				CLANG_WARN_UNREACHABLE_CODE = YES;
				CLANG_WARN__DUPLICATE_METHOD_MATCH = YES;
				COPY_PHASE_STRIP = NO;
				DEBUG_INFORMATION_FORMAT = "dwarf-with-dsym";
				ENABLE_NS_ASSERTIONS = NO;
				ENABLE_STRICT_OBJC_MSGSEND = YES;
				GCC_C_LANGUAGE_STANDARD = gnu11;
				GCC_NO_COMMON_BLOCKS = YES;
				GCC_WARN_64_TO_32_BIT_CONVERSION = YES;
				GCC_WARN_ABOUT_RETURN_TYPE = YES_ERROR;
				GCC_WARN_UNDECLARED_SELECTOR = YES;
				GCC_WARN_UNINITIALIZED_AUTOS = YES_AGGRESSIVE;
				GCC_WARN_UNUSED_FUNCTION = YES;
				GCC_WARN_UNUSED_VARIABLE = YES;
				IPHONEOS_DEPLOYMENT_TARGET = 15.0;
				MTL_ENABLE_DEBUG_INFO = NO;
				MTL_FAST_MATH = YES;
				SDKROOT = iphoneos;
				SWIFT_COMPILATION_MODE = wholemodule;
				SWIFT_OPTIMIZATION_LEVEL = "-O";
				VALIDATE_PRODUCT = YES;
			};
			name = Release;
		};
		1F959C0A2784996800B657A2 /* Debug */ = {
			isa = XCBuildConfiguration;
			buildSettings = {
				ASSETCATALOG_COMPILER_APPICON_NAME = AppIcon;
				ASSETCATALOG_COMPILER_GLOBAL_ACCENT_COLOR_NAME = AccentColor;
				CODE_SIGN_STYLE = Automatic;
				CURRENT_PROJECT_VERSION = 1;
				DEVELOPMENT_ASSET_PATHS = "\"Tic_Tac_toe/Preview Content\"";
				DEVELOPMENT_TEAM = A4732256HA;
				ENABLE_PREVIEWS = YES;
				GENERATE_INFOPLIST_FILE = YES;
				INFOPLIST_KEY_UIApplicationSceneManifest_Generation = YES;
				INFOPLIST_KEY_UIApplicationSupportsIndirectInputEvents = YES;
				INFOPLIST_KEY_UILaunchScreen_Generation = YES;
				INFOPLIST_KEY_UISupportedInterfaceOrientations_iPad = "UIInterfaceOrientationPortrait UIInterfaceOrientationPortraitUpsideDown UIInterfaceOrientationLandscapeLeft UIInterfaceOrientationLandscapeRight";
				INFOPLIST_KEY_UISupportedInterfaceOrientations_iPhone = "UIInterfaceOrientationPortrait UIInterfaceOrientationLandscapeLeft UIInterfaceOrientationLandscapeRight";
				LD_RUNPATH_SEARCH_PATHS = (
					"$(inherited)",
					"@executable_path/Frameworks",
				);
				MARKETING_VERSION = 1.0;
				PRODUCT_BUNDLE_IDENTIFIER = "travisOkonicha.Tic-Tac-toe";
				PRODUCT_NAME = "$(TARGET_NAME)";
				SWIFT_EMIT_LOC_STRINGS = YES;
				SWIFT_VERSION = 5.0;
				TARGETED_DEVICE_FAMILY = "1,2";
			};
			name = Debug;
		};
		1F959C0B2784996800B657A2 /* Release */ = {
			isa = XCBuildConfiguration;
			buildSettings = {
				ASSETCATALOG_COMPILER_APPICON_NAME = AppIcon;
				ASSETCATALOG_COMPILER_GLOBAL_ACCENT_COLOR_NAME = AccentColor;
				CODE_SIGN_STYLE = Automatic;
				CURRENT_PROJECT_VERSION = 1;
				DEVELOPMENT_ASSET_PATHS = "\"Tic_Tac_toe/Preview Content\"";
				DEVELOPMENT_TEAM = A4732256HA;
				ENABLE_PREVIEWS = YES;
				GENERATE_INFOPLIST_FILE = YES;
				INFOPLIST_KEY_UIApplicationSceneManifest_Generation = YES;
				INFOPLIST_KEY_UIApplicationSupportsIndirectInputEvents = YES;
				INFOPLIST_KEY_UILaunchScreen_Generation = YES;
				INFOPLIST_KEY_UISupportedInterfaceOrientations_iPad = "UIInterfaceOrientationPortrait UIInterfaceOrientationPortraitUpsideDown UIInterfaceOrientationLandscapeLeft UIInterfaceOrientationLandscapeRight";
				INFOPLIST_KEY_UISupportedInterfaceOrientations_iPhone = "UIInterfaceOrientationPortrait UIInterfaceOrientationLandscapeLeft UIInterfaceOrientationLandscapeRight";
				LD_RUNPATH_SEARCH_PATHS = (
					"$(inherited)",
					"@executable_path/Frameworks",
				);
				MARKETING_VERSION = 1.0;
				PRODUCT_BUNDLE_IDENTIFIER = "travisOkonicha.Tic-Tac-toe";
				PRODUCT_NAME = "$(TARGET_NAME)";
				SWIFT_EMIT_LOC_STRINGS = YES;
				SWIFT_VERSION = 5.0;
				TARGETED_DEVICE_FAMILY = "1,2";
			};
			name = Release;
		};
		1F959C0D2784996800B657A2 /* Debug */ = {
			isa = XCBuildConfiguration;
			buildSettings = {
				ALWAYS_EMBED_SWIFT_STANDARD_LIBRARIES = YES;
				BUNDLE_LOADER = "$(TEST_HOST)";
				CODE_SIGN_STYLE = Automatic;
				CURRENT_PROJECT_VERSION = 1;
				DEVELOPMENT_TEAM = A4732256HA;
				GENERATE_INFOPLIST_FILE = YES;
				IPHONEOS_DEPLOYMENT_TARGET = 15.0;
				LD_RUNPATH_SEARCH_PATHS = (
					"$(inherited)",
					"@executable_path/Frameworks",
					"@loader_path/Frameworks",
				);
				MARKETING_VERSION = 1.0;
				PRODUCT_BUNDLE_IDENTIFIER = "travisOkonicha.Tic-Tac-toeTests";
				PRODUCT_NAME = "$(TARGET_NAME)";
				SWIFT_EMIT_LOC_STRINGS = NO;
				SWIFT_VERSION = 5.0;
				TARGETED_DEVICE_FAMILY = "1,2";
				TEST_HOST = "$(BUILT_PRODUCTS_DIR)/Tic_Tac_toe.app/Tic_Tac_toe";
			};
			name = Debug;
		};
		1F959C0E2784996800B657A2 /* Release */ = {
			isa = XCBuildConfiguration;
			buildSettings = {
				ALWAYS_EMBED_SWIFT_STANDARD_LIBRARIES = YES;
				BUNDLE_LOADER = "$(TEST_HOST)";
				CODE_SIGN_STYLE = Automatic;
				CURRENT_PROJECT_VERSION = 1;
				DEVELOPMENT_TEAM = A4732256HA;
				GENERATE_INFOPLIST_FILE = YES;
				IPHONEOS_DEPLOYMENT_TARGET = 15.0;
				LD_RUNPATH_SEARCH_PATHS = (
					"$(inherited)",
					"@executable_path/Frameworks",
					"@loader_path/Frameworks",
				);
				MARKETING_VERSION = 1.0;
				PRODUCT_BUNDLE_IDENTIFIER = "travisOkonicha.Tic-Tac-toeTests";
				PRODUCT_NAME = "$(TARGET_NAME)";
				SWIFT_EMIT_LOC_STRINGS = NO;
				SWIFT_VERSION = 5.0;
				TARGETED_DEVICE_FAMILY = "1,2";
				TEST_HOST = "$(BUILT_PRODUCTS_DIR)/Tic_Tac_toe.app/Tic_Tac_toe";
			};
			name = Release;
		};
		1F959C102784996800B657A2 /* Debug */ = {
			isa = XCBuildConfiguration;
			buildSettings = {
				ALWAYS_EMBED_SWIFT_STANDARD_LIBRARIES = YES;
				CODE_SIGN_STYLE = Automatic;
				CURRENT_PROJECT_VERSION = 1;
				DEVELOPMENT_TEAM = A4732256HA;
				GENERATE_INFOPLIST_FILE = YES;
				LD_RUNPATH_SEARCH_PATHS = (
					"$(inherited)",
					"@executable_path/Frameworks",
					"@loader_path/Frameworks",
				);
				MARKETING_VERSION = 1.0;
				PRODUCT_BUNDLE_IDENTIFIER = "travisOkonicha.Tic-Tac-toeUITests";
				PRODUCT_NAME = "$(TARGET_NAME)";
				SWIFT_EMIT_LOC_STRINGS = NO;
				SWIFT_VERSION = 5.0;
				TARGETED_DEVICE_FAMILY = "1,2";
				TEST_TARGET_NAME = Tic_Tac_toe;
			};
			name = Debug;
		};
		1F959C112784996800B657A2 /* Release */ = {
			isa = XCBuildConfiguration;
			buildSettings = {
				ALWAYS_EMBED_SWIFT_STANDARD_LIBRARIES = YES;
				CODE_SIGN_STYLE = Automatic;
				CURRENT_PROJECT_VERSION = 1;
				DEVELOPMENT_TEAM = A4732256HA;
				GENERATE_INFOPLIST_FILE = YES;
				LD_RUNPATH_SEARCH_PATHS = (
					"$(inherited)",
					"@executable_path/Frameworks",
					"@loader_path/Frameworks",
				);
				MARKETING_VERSION = 1.0;
				PRODUCT_BUNDLE_IDENTIFIER = "travisOkonicha.Tic-Tac-toeUITests";
				PRODUCT_NAME = "$(TARGET_NAME)";
				SWIFT_EMIT_LOC_STRINGS = NO;
				SWIFT_VERSION = 5.0;
				TARGETED_DEVICE_FAMILY = "1,2";
				TEST_TARGET_NAME = Tic_Tac_toe;
			};
			name = Release;
		};
/* End XCBuildConfiguration section */

/* Begin XCConfigurationList section */
		1F959BE02784996300B657A2 /* Build configuration list for PBXProject "Tic_Tac_toe" */ = {
			isa = XCConfigurationList;
			buildConfigurations = (
				1F959C072784996800B657A2 /* Debug */,
				1F959C082784996800B657A2 /* Release */,
			);
			defaultConfigurationIsVisible = 0;
			defaultConfigurationName = Release;
		};
		1F959C092784996800B657A2 /* Build configuration list for PBXNativeTarget "Tic_Tac_toe" */ = {
			isa = XCConfigurationList;
			buildConfigurations = (
				1F959C0A2784996800B657A2 /* Debug */,
				1F959C0B2784996800B657A2 /* Release */,
			);
			defaultConfigurationIsVisible = 0;
			defaultConfigurationName = Release;
		};
		1F959C0C2784996800B657A2 /* Build configuration list for PBXNativeTarget "Tic_Tac_toeTests" */ = {
			isa = XCConfigurationList;
			buildConfigurations = (
				1F959C0D2784996800B657A2 /* Debug */,
				1F959C0E2784996800B657A2 /* Release */,
			);
			defaultConfigurationIsVisible = 0;
			defaultConfigurationName = Release;
		};
		1F959C0F2784996800B657A2 /* Build configuration list for PBXNativeTarget "Tic_Tac_toeUITests" */ = {
			isa = XCConfigurationList;
			buildConfigurations = (
				1F959C102784996800B657A2 /* Debug */,
				1F959C112784996800B657A2 /* Release */,
			);
			defaultConfigurationIsVisible = 0;
			defaultConfigurationName = Release;
		};
/* End XCConfigurationList section */
	};
	rootObject = 1F959BDD2784996300B657A2 /* Project object */;
}
